
Microsoft Visual Studio Solution File, Format Version 12.00
# Visual Studio Version 17
VisualStudioVersion = 17.10.35027.167
MinimumVisualStudioVersion = 10.0.40219.1
Project("{2150E333-8FDC-42A3-9474-1A3956D46DE8}") = "Services", "Services", "{16A40216-C940-43DB-8A2C-B277AEBEFBC6}"
EndProject
Project("{2150E333-8FDC-42A3-9474-1A3956D46DE8}") = "Catalog", "Catalog", "{B46B3404-37A5-4429-9A32-3C2A78762EE0}"
EndProject
Project("{9A19103F-16F7-4668-BE54-9A1E7A4F7556}") = "Catalog.API", "Services\Catalog\Catalog.API\Catalog.API.csproj", "{F967896B-A9B8-4C84-916B-400E670812BD}"
EndProject
Project("{2150E333-8FDC-42A3-9474-1A3956D46DE8}") = "BuildBlocks", "BuildBlocks", "{DD81175A-B952-4671-A13B-C72D2739DF4A}"
EndProject
Project("{9A19103F-16F7-4668-BE54-9A1E7A4F7556}") = "BuildingBlocks", "BuildingBlocks\BuildingBlocks\BuildingBlocks.csproj", "{4C5450C4-9876-446D-88F9-F5C046215799}"
EndProject
Project("{E53339B2-1760-4266-BCC7-CA923CBCF16C}") = "docker-compose", "docker-compose.dcproj", "{3D9DF7F4-D381-4273-8B20-924AE8B1BA62}"
EndProject
Project("{2150E333-8FDC-42A3-9474-1A3956D46DE8}") = "Basket", "Basket", "{8AB37B4D-88B0-449A-A8AE-BDEA7E51980D}"
EndProject
Project("{9A19103F-16F7-4668-BE54-9A1E7A4F7556}") = "Basket.API", "Services\Basket\Basket.API\Basket.API.csproj", "{D91F654A-56E8-494B-AF8C-C4E644C518AE}"
EndProject
Project("{2150E333-8FDC-42A3-9474-1A3956D46DE8}") = "Discount", "Discount", "{FF27824D-2157-4A5B-B66D-4650775C6CB2}"
EndProject
Project("{FAE04EC0-301F-11D3-BF4B-00C04F79EFBC}") = "Discount.Grpc", "Services\Discount\Discount.Grpc\Discount.Grpc.csproj", "{109CDE3F-0AD0-4F5B-AAA9-ACDAB5102924}"
EndProject
Global
	GlobalSection(SolutionConfigurationPlatforms) = preSolution
		Debug|Any CPU = Debug|Any CPU
		Release|Any CPU = Release|Any CPU
	EndGlobalSection
	GlobalSection(ProjectConfigurationPlatforms) = postSolution
		{F967896B-A9B8-4C84-916B-400E670812BD}.Debug|Any CPU.ActiveCfg = Debug|Any CPU
		{F967896B-A9B8-4C84-916B-400E670812BD}.Debug|Any CPU.Build.0 = Debug|Any CPU
		{F967896B-A9B8-4C84-916B-400E670812BD}.Release|Any CPU.ActiveCfg = Release|Any CPU
		{F967896B-A9B8-4C84-916B-400E670812BD}.Release|Any CPU.Build.0 = Release|Any CPU
		{4C5450C4-9876-446D-88F9-F5C046215799}.Debug|Any CPU.ActiveCfg = Debug|Any CPU
		{4C5450C4-9876-446D-88F9-F5C046215799}.Debug|Any CPU.Build.0 = Debug|Any CPU
		{4C5450C4-9876-446D-88F9-F5C046215799}.Release|Any CPU.ActiveCfg = Release|Any CPU
		{4C5450C4-9876-446D-88F9-F5C046215799}.Release|Any CPU.Build.0 = Release|Any CPU
		{3D9DF7F4-D381-4273-8B20-924AE8B1BA62}.Debug|Any CPU.ActiveCfg = Debug|Any CPU
		{3D9DF7F4-D381-4273-8B20-924AE8B1BA62}.Debug|Any CPU.Build.0 = Debug|Any CPU
		{3D9DF7F4-D381-4273-8B20-924AE8B1BA62}.Release|Any CPU.ActiveCfg = Release|Any CPU
		{3D9DF7F4-D381-4273-8B20-924AE8B1BA62}.Release|Any CPU.Build.0 = Release|Any CPU
		{D91F654A-56E8-494B-AF8C-C4E644C518AE}.Debug|Any CPU.ActiveCfg = Debug|Any CPU
		{D91F654A-56E8-494B-AF8C-C4E644C518AE}.Debug|Any CPU.Build.0 = Debug|Any CPU
		{D91F654A-56E8-494B-AF8C-C4E644C518AE}.Release|Any CPU.ActiveCfg = Release|Any CPU
		{D91F654A-56E8-494B-AF8C-C4E644C518AE}.Release|Any CPU.Build.0 = Release|Any CPU
		{109CDE3F-0AD0-4F5B-AAA9-ACDAB5102924}.Debug|Any CPU.ActiveCfg = Debug|Any CPU
		{109CDE3F-0AD0-4F5B-AAA9-ACDAB5102924}.Debug|Any CPU.Build.0 = Debug|Any CPU
		{109CDE3F-0AD0-4F5B-AAA9-ACDAB5102924}.Release|Any CPU.ActiveCfg = Release|Any CPU
		{109CDE3F-0AD0-4F5B-AAA9-ACDAB5102924}.Release|Any CPU.Build.0 = Release|Any CPU
	EndGlobalSection
	GlobalSection(SolutionProperties) = preSolution
		HideSolutionNode = FALSE
	EndGlobalSection
	GlobalSection(NestedProjects) = preSolution
		{B46B3404-37A5-4429-9A32-3C2A78762EE0} = {16A40216-C940-43DB-8A2C-B277AEBEFBC6}
		{F967896B-A9B8-4C84-916B-400E670812BD} = {B46B3404-37A5-4429-9A32-3C2A78762EE0}
		{4C5450C4-9876-446D-88F9-F5C046215799} = {DD81175A-B952-4671-A13B-C72D2739DF4A}
		{8AB37B4D-88B0-449A-A8AE-BDEA7E51980D} = {16A40216-C940-43DB-8A2C-B277AEBEFBC6}
		{D91F654A-56E8-494B-AF8C-C4E644C518AE} = {8AB37B4D-88B0-449A-A8AE-BDEA7E51980D}
		{FF27824D-2157-4A5B-B66D-4650775C6CB2} = {16A40216-C940-43DB-8A2C-B277AEBEFBC6}
		{109CDE3F-0AD0-4F5B-AAA9-ACDAB5102924} = {FF27824D-2157-4A5B-B66D-4650775C6CB2}
	EndGlobalSection
	GlobalSection(ExtensibilityGlobals) = postSolution
		SolutionGuid = {124F7153-B60C-4DE0-AD4F-000FD498F7E7}
	EndGlobalSection
EndGlobal
