
Microsoft Visual Studio Solution File, Format Version 12.00
# Visual Studio Version 17
VisualStudioVersion = 17.10.35027.167
MinimumVisualStudioVersion = 10.0.40219.1
Project("{2150E333-8FDC-42A3-9474-1A3956D46DE8}") = "Services", "Services", "{16A40216-C940-43DB-8A2C-B277AEBEFBC6}"
EndProject
Project("{2150E333-8FDC-42A3-9474-1A3956D46DE8}") = "Catalog", "Catalog", "{B46B3404-37A5-4429-9A32-3C2A78762EE0}"
EndProject
Project("{9A19103F-16F7-4668-BE54-9A1E7A4F7556}") = "Catalog.API", "Services\Catalog\Catalog.API\Catalog.API.csproj", "{F967896B-A9B8-4C84-916B-400E670812BD}"
EndProject
Project("{2150E333-8FDC-42A3-9474-1A3956D46DE8}") = "BuildBlocks", "BuildBlocks", "{DD81175A-B952-4671-A13B-C72D2739DF4A}"
EndProject
Project("{9A19103F-16F7-4668-BE54-9A1E7A4F7556}") = "BuildingBlocks", "BuildingBlocks\BuildingBlocks\BuildingBlocks.csproj", "{4C5450C4-9876-446D-88F9-F5C046215799}"
EndProject
Project("{E53339B2-1760-4266-BCC7-CA923CBCF16C}") = "docker-compose", "docker-compose.dcproj", "{3D9DF7F4-D381-4273-8B20-924AE8B1BA62}"
EndProject
Project("{2150E333-8FDC-42A3-9474-1A3956D46DE8}") = "Basket", "Basket", "{8AB37B4D-88B0-449A-A8AE-BDEA7E51980D}"
EndProject
Project("{9A19103F-16F7-4668-BE54-9A1E7A4F7556}") = "Basket.API", "Services\Basket\Basket.API\Basket.API.csproj", "{D91F654A-56E8-494B-AF8C-C4E644C518AE}"
EndProject
Project("{2150E333-8FDC-42A3-9474-1A3956D46DE8}") = "Discount", "Discount", "{FF27824D-2157-4A5B-B66D-4650775C6CB2}"
EndProject
Project("{9A19103F-16F7-4668-BE54-9A1E7A4F7556}") = "Discount.Grpc", "Services\Discount\Discount.Grpc\Discount.Grpc.csproj", "{109CDE3F-0AD0-4F5B-AAA9-ACDAB5102924}"
EndProject
Project("{2150E333-8FDC-42A3-9474-1A3956D46DE8}") = "Ordering", "Ordering", "{8C4D590F-9274-4AA9-84BE-B27CEA77B032}"
EndProject
Project("{9A19103F-16F7-4668-BE54-9A1E7A4F7556}") = "Ordering.API", "Services\Ordering\Ordering.API\Ordering.API.csproj", "{7ED5E8D3-7A7A-40C0-9F23-2387D2C5CB40}"
EndProject
Project("{9A19103F-16F7-4668-BE54-9A1E7A4F7556}") = "Ordering.Domain", "Services\Ordering\Ordering.Domain\Ordering.Domain.csproj", "{ACC52FF6-6053-4CEB-9E38-58D7C739AC18}"
EndProject
Project("{9A19103F-16F7-4668-BE54-9A1E7A4F7556}") = "Ordering.Application", "Services\Ordering\Ordering.Application\Ordering.Application.csproj", "{6521B587-33D9-4AEC-BBF2-98D9B928EF8A}"
EndProject
Project("{9A19103F-16F7-4668-BE54-9A1E7A4F7556}") = "Ordering.Infrastructure", "Services\Ordering\Ordering.Infrastructure\Ordering.Infrastructure.csproj", "{995F75B7-41AC-4B7B-BFEA-5D9AA0101656}"
EndProject
Project("{9A19103F-16F7-4668-BE54-9A1E7A4F7556}") = "BuildingBlocks.Messaging", "BuildingBlocks\BuildingBlocks.Messaging\BuildingBlocks.Messaging.csproj", "{E78632FD-9094-481D-9C80-26BD55BE6EB4}"
EndProject
Project("{2150E333-8FDC-42A3-9474-1A3956D46DE8}") = "YarpApiGetways", "YarpApiGetways", "{027197DD-3CD9-489B-8AFC-09C47DDFD337}"
EndProject
Project("{9A19103F-16F7-4668-BE54-9A1E7A4F7556}") = "YarpApiGetway", "YarpApiGetways\YarpApiGetway\YarpApiGetway.csproj", "{46B78333-91AA-485E-858D-C8791E994A3D}"
EndProject
Project("{2150E333-8FDC-42A3-9474-1A3956D46DE8}") = "WebApps", "WebApps", "{DA39CBB9-7D85-4D68-9A40-678FB6C9CB9E}"
EndProject
Project("{FAE04EC0-301F-11D3-BF4B-00C04F79EFBC}") = "Shopping.Web", "WebApps\Shopping.Web\Shopping.Web.csproj", "{6DF4EAEB-E816-478B-9A23-DC342EC914B6}"
EndProject
Global
	GlobalSection(SolutionConfigurationPlatforms) = preSolution
		Debug|Any CPU = Debug|Any CPU
		Release|Any CPU = Release|Any CPU
	EndGlobalSection
	GlobalSection(ProjectConfigurationPlatforms) = postSolution
		{F967896B-A9B8-4C84-916B-400E670812BD}.Debug|Any CPU.ActiveCfg = Debug|Any CPU
		{F967896B-A9B8-4C84-916B-400E670812BD}.Debug|Any CPU.Build.0 = Debug|Any CPU
		{F967896B-A9B8-4C84-916B-400E670812BD}.Release|Any CPU.ActiveCfg = Release|Any CPU
		{F967896B-A9B8-4C84-916B-400E670812BD}.Release|Any CPU.Build.0 = Release|Any CPU
		{4C5450C4-9876-446D-88F9-F5C046215799}.Debug|Any CPU.ActiveCfg = Debug|Any CPU
		{4C5450C4-9876-446D-88F9-F5C046215799}.Debug|Any CPU.Build.0 = Debug|Any CPU
		{4C5450C4-9876-446D-88F9-F5C046215799}.Release|Any CPU.ActiveCfg = Release|Any CPU
		{4C5450C4-9876-446D-88F9-F5C046215799}.Release|Any CPU.Build.0 = Release|Any CPU
		{3D9DF7F4-D381-4273-8B20-924AE8B1BA62}.Debug|Any CPU.ActiveCfg = Debug|Any CPU
		{3D9DF7F4-D381-4273-8B20-924AE8B1BA62}.Debug|Any CPU.Build.0 = Debug|Any CPU
		{3D9DF7F4-D381-4273-8B20-924AE8B1BA62}.Release|Any CPU.ActiveCfg = Release|Any CPU
		{3D9DF7F4-D381-4273-8B20-924AE8B1BA62}.Release|Any CPU.Build.0 = Release|Any CPU
		{D91F654A-56E8-494B-AF8C-C4E644C518AE}.Debug|Any CPU.ActiveCfg = Debug|Any CPU
		{D91F654A-56E8-494B-AF8C-C4E644C518AE}.Debug|Any CPU.Build.0 = Debug|Any CPU
		{D91F654A-56E8-494B-AF8C-C4E644C518AE}.Release|Any CPU.ActiveCfg = Release|Any CPU
		{D91F654A-56E8-494B-AF8C-C4E644C518AE}.Release|Any CPU.Build.0 = Release|Any CPU
		{109CDE3F-0AD0-4F5B-AAA9-ACDAB5102924}.Debug|Any CPU.ActiveCfg = Debug|Any CPU
		{109CDE3F-0AD0-4F5B-AAA9-ACDAB5102924}.Debug|Any CPU.Build.0 = Debug|Any CPU
		{109CDE3F-0AD0-4F5B-AAA9-ACDAB5102924}.Release|Any CPU.ActiveCfg = Release|Any CPU
		{109CDE3F-0AD0-4F5B-AAA9-ACDAB5102924}.Release|Any CPU.Build.0 = Release|Any CPU
		{7ED5E8D3-7A7A-40C0-9F23-2387D2C5CB40}.Debug|Any CPU.ActiveCfg = Debug|Any CPU
		{7ED5E8D3-7A7A-40C0-9F23-2387D2C5CB40}.Debug|Any CPU.Build.0 = Debug|Any CPU
		{7ED5E8D3-7A7A-40C0-9F23-2387D2C5CB40}.Release|Any CPU.ActiveCfg = Release|Any CPU
		{7ED5E8D3-7A7A-40C0-9F23-2387D2C5CB40}.Release|Any CPU.Build.0 = Release|Any CPU
		{ACC52FF6-6053-4CEB-9E38-58D7C739AC18}.Debug|Any CPU.ActiveCfg = Debug|Any CPU
		{ACC52FF6-6053-4CEB-9E38-58D7C739AC18}.Debug|Any CPU.Build.0 = Debug|Any CPU
		{ACC52FF6-6053-4CEB-9E38-58D7C739AC18}.Release|Any CPU.ActiveCfg = Release|Any CPU
		{ACC52FF6-6053-4CEB-9E38-58D7C739AC18}.Release|Any CPU.Build.0 = Release|Any CPU
		{6521B587-33D9-4AEC-BBF2-98D9B928EF8A}.Debug|Any CPU.ActiveCfg = Debug|Any CPU
		{6521B587-33D9-4AEC-BBF2-98D9B928EF8A}.Debug|Any CPU.Build.0 = Debug|Any CPU
		{6521B587-33D9-4AEC-BBF2-98D9B928EF8A}.Release|Any CPU.ActiveCfg = Release|Any CPU
		{6521B587-33D9-4AEC-BBF2-98D9B928EF8A}.Release|Any CPU.Build.0 = Release|Any CPU
		{995F75B7-41AC-4B7B-BFEA-5D9AA0101656}.Debug|Any CPU.ActiveCfg = Debug|Any CPU
		{995F75B7-41AC-4B7B-BFEA-5D9AA0101656}.Debug|Any CPU.Build.0 = Debug|Any CPU
		{995F75B7-41AC-4B7B-BFEA-5D9AA0101656}.Release|Any CPU.ActiveCfg = Release|Any CPU
		{995F75B7-41AC-4B7B-BFEA-5D9AA0101656}.Release|Any CPU.Build.0 = Release|Any CPU
		{E78632FD-9094-481D-9C80-26BD55BE6EB4}.Debug|Any CPU.ActiveCfg = Debug|Any CPU
		{E78632FD-9094-481D-9C80-26BD55BE6EB4}.Debug|Any CPU.Build.0 = Debug|Any CPU
		{E78632FD-9094-481D-9C80-26BD55BE6EB4}.Release|Any CPU.ActiveCfg = Release|Any CPU
		{E78632FD-9094-481D-9C80-26BD55BE6EB4}.Release|Any CPU.Build.0 = Release|Any CPU
		{46B78333-91AA-485E-858D-C8791E994A3D}.Debug|Any CPU.ActiveCfg = Debug|Any CPU
		{46B78333-91AA-485E-858D-C8791E994A3D}.Debug|Any CPU.Build.0 = Debug|Any CPU
		{46B78333-91AA-485E-858D-C8791E994A3D}.Release|Any CPU.ActiveCfg = Release|Any CPU
		{46B78333-91AA-485E-858D-C8791E994A3D}.Release|Any CPU.Build.0 = Release|Any CPU
		{6DF4EAEB-E816-478B-9A23-DC342EC914B6}.Debug|Any CPU.ActiveCfg = Debug|Any CPU
		{6DF4EAEB-E816-478B-9A23-DC342EC914B6}.Debug|Any CPU.Build.0 = Debug|Any CPU
		{6DF4EAEB-E816-478B-9A23-DC342EC914B6}.Release|Any CPU.ActiveCfg = Release|Any CPU
		{6DF4EAEB-E816-478B-9A23-DC342EC914B6}.Release|Any CPU.Build.0 = Release|Any CPU
	EndGlobalSection
	GlobalSection(SolutionProperties) = preSolution
		HideSolutionNode = FALSE
	EndGlobalSection
	GlobalSection(NestedProjects) = preSolution
		{B46B3404-37A5-4429-9A32-3C2A78762EE0} = {16A40216-C940-43DB-8A2C-B277AEBEFBC6}
		{F967896B-A9B8-4C84-916B-400E670812BD} = {B46B3404-37A5-4429-9A32-3C2A78762EE0}
		{4C5450C4-9876-446D-88F9-F5C046215799} = {DD81175A-B952-4671-A13B-C72D2739DF4A}
		{8AB37B4D-88B0-449A-A8AE-BDEA7E51980D} = {16A40216-C940-43DB-8A2C-B277AEBEFBC6}
		{D91F654A-56E8-494B-AF8C-C4E644C518AE} = {8AB37B4D-88B0-449A-A8AE-BDEA7E51980D}
		{FF27824D-2157-4A5B-B66D-4650775C6CB2} = {16A40216-C940-43DB-8A2C-B277AEBEFBC6}
		{109CDE3F-0AD0-4F5B-AAA9-ACDAB5102924} = {FF27824D-2157-4A5B-B66D-4650775C6CB2}
		{8C4D590F-9274-4AA9-84BE-B27CEA77B032} = {16A40216-C940-43DB-8A2C-B277AEBEFBC6}
		{7ED5E8D3-7A7A-40C0-9F23-2387D2C5CB40} = {8C4D590F-9274-4AA9-84BE-B27CEA77B032}
		{ACC52FF6-6053-4CEB-9E38-58D7C739AC18} = {8C4D590F-9274-4AA9-84BE-B27CEA77B032}
		{6521B587-33D9-4AEC-BBF2-98D9B928EF8A} = {8C4D590F-9274-4AA9-84BE-B27CEA77B032}
		{995F75B7-41AC-4B7B-BFEA-5D9AA0101656} = {8C4D590F-9274-4AA9-84BE-B27CEA77B032}
		{E78632FD-9094-481D-9C80-26BD55BE6EB4} = {DD81175A-B952-4671-A13B-C72D2739DF4A}
		{46B78333-91AA-485E-858D-C8791E994A3D} = {027197DD-3CD9-489B-8AFC-09C47DDFD337}
		{6DF4EAEB-E816-478B-9A23-DC342EC914B6} = {DA39CBB9-7D85-4D68-9A40-678FB6C9CB9E}
	EndGlobalSection
	GlobalSection(ExtensibilityGlobals) = postSolution
		SolutionGuid = {124F7153-B60C-4DE0-AD4F-000FD498F7E7}
	EndGlobalSection
EndGlobal
